{
  "name": "projectN3team",
  "lockfileVersion": 3,
  "requires": true,
  "packages": {
    "": {
      "devDependencies": {
        "@types/navermaps": "^3.6.5"
      }
    },
    "node_modules/@types/geojson": {
      "version": "7946.0.10",
      "resolved": "https://registry.npmjs.org/@types/geojson/-/geojson-7946.0.10.tgz",
      "integrity": "sha512-Nmh0K3iWQJzniTuPRcJn5hxXkfB1T1pgB89SBig5PlJQU5yocazeu4jATJlaA0GYFKWMqDdvYemoSnF2pXgLVA==",
      "dev": true
    },
    "node_modules/@types/navermaps": {
      "version": "3.6.5",
      "resolved": "https://registry.npmjs.org/@types/navermaps/-/navermaps-3.6.5.tgz",
      "integrity": "sha512-qY+QPdy6pEK70rDIlwMDCyUnKLbzKPXInCSu0Yj/jv/enQGCUowSZiTiRxDKVWLSzs5eCDwLJY56qjJXTVvM8g==",
      "dev": true,
      "dependencies": {
        "@types/geojson": "*"
      }
    }
  }
}
